{
  "version": "5",
  "specifiers": {
    "jsr:@deno/installer-shell-setup@*": "0.3.4"
  },
  "jsr": {
    "@deno/installer-shell-setup@0.3.4": {
      "integrity": "48665d1a737d487cce6874bc97bba70a5aeffa7053aca3f60df93c6fab8963b4"
    }
  },
  "workspace": {
    "packageJson": {
      "dependencies": [
        "npm:@biomejs/biome@^2.5.0",
        "npm:@changesets/changelog-github@0.7",
        "npm:@changesets/cli@^2.31.0",
        "npm:@cloudflare/workers-types@^4.20260621.1",
        "npm:@drizzle-team/brocli@0.12.0",
        "npm:@hono/node-server@2.0.6",
        "npm:@hono/node-ws@1.3.1",
        "npm:@hono/vite-dev-server@0.26.0",
        "npm:@types/bun@^1.3.14",
        "npm:@types/deno@^2.7.0",
        "npm:@types/node@^24.13.2",
        "npm:@vitest/coverage-v8@^4.1.9",
        "npm:hono@4.12.26",
        "npm:npm-run-all@^4.1.5",
        "npm:tsdown@~0.22.3",
        "npm:typescript@^6.0.3",
        "npm:vitest@^4.1.9"
      ]
    }
  }
}
